
Microsoft Visual Studio Solution File, Format Version 12.00
# Visual Studio Version 16
VisualStudioVersion = 16.0.30804.86
MinimumVisualStudioVersion = 10.0.40219.1
Project("{FAE04EC0-301F-11D3-BF4B-00C04F79EFBC}") = "UD5Ex1al21", "UD5Ex1al21\UD5Ex1al21.csproj", "{63B485EA-3AEF-4871-893C-A5813F06A9BC}"
EndProject
Global
	GlobalSection(SolutionConfigurationPlatforms) = preSolution
		Debug|Any CPU = Debug|Any CPU
		Release|Any CPU = Release|Any CPU
	EndGlobalSection
	GlobalSection(ProjectConfigurationPlatforms) = postSolution
		{63B485EA-3AEF-4871-893C-A5813F06A9BC}.Debug|Any CPU.ActiveCfg = Debug|Any CPU
		{63B485EA-3AEF-4871-893C-A5813F06A9BC}.Debug|Any CPU.Build.0 = Debug|Any CPU
		{63B485EA-3AEF-4871-893C-A5813F06A9BC}.Release|Any CPU.ActiveCfg = Release|Any CPU
		{63B485EA-3AEF-4871-893C-A5813F06A9BC}.Release|Any CPU.Build.0 = Release|Any CPU
	EndGlobalSection
	GlobalSection(SolutionProperties) = preSolution
		HideSolutionNode = FALSE
	EndGlobalSection
	GlobalSection(ExtensibilityGlobals) = postSolution
		SolutionGuid = {284C7757-204F-457B-8254-424BD13CF3BB}
	EndGlobalSection
EndGlobal
